PODS:
  - IQKeyboardManagerSwift (6.5.12)
  - Kingfisher (7.9.0)

DEPENDENCIES:
  - IQKeyboardManagerSwift
  - Kingfisher

SPEC REPOS:
  https://github.com/CocoaPods/Specs.git:
    - IQKeyboardManagerSwift
    - Kingfisher

SPEC CHECKSUMS:
  IQKeyboardManagerSwift: 371b08cb39664fb56030f5345c815a4ffc74bbc0
  Kingfisher: 59f908b6d2f403b0a3e539debb0eec05cb27002c

PODFILE CHECKSUM: 001746ce6beee7081a14f6275ab808d6b51554ff

COCOAPODS: 1.12.1
